
Microsoft Visual Studio Solution File, Format Version 12.00
Project("{FAE04EC0-301F-11D3-BF4B-00C04F79EFBC}") = "EventTower.Messages", "EventTower.Messages\EventTower.Messages.csproj", "{20EFEBE8-F1F4-47DC-A62D-A8E6D2775867}"
EndProject
Project("{FAE04EC0-301F-11D3-BF4B-00C04F79EFBC}") = "EventTower", "EventTower\EventTower.csproj", "{341BB6C0-246B-4F14-B8E4-33BFCF239E45}"
EndProject
Global
	GlobalSection(SolutionConfigurationPlatforms) = preSolution
		Debug|Any CPU = Debug|Any CPU
		Release|Any CPU = Release|Any CPU
	EndGlobalSection
	GlobalSection(ProjectConfigurationPlatforms) = postSolution
		{20EFEBE8-F1F4-47DC-A62D-A8E6D2775867}.Debug|Any CPU.ActiveCfg = Debug|Any CPU
		{20EFEBE8-F1F4-47DC-A62D-A8E6D2775867}.Debug|Any CPU.Build.0 = Debug|Any CPU
		{20EFEBE8-F1F4-47DC-A62D-A8E6D2775867}.Release|Any CPU.ActiveCfg = Release|Any CPU
		{20EFEBE8-F1F4-47DC-A62D-A8E6D2775867}.Release|Any CPU.Build.0 = Release|Any CPU
		{341BB6C0-246B-4F14-B8E4-33BFCF239E45}.Debug|Any CPU.ActiveCfg = Debug|Any CPU
		{341BB6C0-246B-4F14-B8E4-33BFCF239E45}.Debug|Any CPU.Build.0 = Debug|Any CPU
		{341BB6C0-246B-4F14-B8E4-33BFCF239E45}.Release|Any CPU.ActiveCfg = Release|Any CPU
		{341BB6C0-246B-4F14-B8E4-33BFCF239E45}.Release|Any CPU.Build.0 = Release|Any CPU
	EndGlobalSection
EndGlobal
